
Microsoft Visual Studio Solution File, Format Version 12.00
# Visual Studio Version 17
VisualStudioVersion = 17.13.36105.23 d17.13
MinimumVisualStudioVersion = 10.0.40219.1
Project("{FAE04EC0-301F-11D3-BF4B-00C04F79EFBC}") = "Entity Framework Demo", "Entity Framework Demo.csproj", "{F80028E0-90C9-D9FB-3F0B-B6C291B2A78C}"
EndProject
Global
	GlobalSection(SolutionConfigurationPlatforms) = preSolution
		Debug|Any CPU = Debug|Any CPU
		Release|Any CPU = Release|Any CPU
	EndGlobalSection
	GlobalSection(ProjectConfigurationPlatforms) = postSolution
		{F80028E0-90C9-D9FB-3F0B-B6C291B2A78C}.Debug|Any CPU.ActiveCfg = Debug|Any CPU
		{F80028E0-90C9-D9FB-3F0B-B6C291B2A78C}.Debug|Any CPU.Build.0 = Debug|Any CPU
		{F80028E0-90C9-D9FB-3F0B-B6C291B2A78C}.Release|Any CPU.ActiveCfg = Release|Any CPU
		{F80028E0-90C9-D9FB-3F0B-B6C291B2A78C}.Release|Any CPU.Build.0 = Release|Any CPU
	EndGlobalSection
	GlobalSection(SolutionProperties) = preSolution
		HideSolutionNode = FALSE
	EndGlobalSection
	GlobalSection(ExtensibilityGlobals) = postSolution
		SolutionGuid = {E110E94E-7290-4692-AD67-9346AED66D79}
	EndGlobalSection
EndGlobal
